// !$*UTF8*$!
{
	archiveVersion = 1;
	classes = {
	};
	objectVersion = 77;
	objects = {

/* Begin PBXContainerItemProxy section */
		F8848E6E2D7BA24400A81826 /* PBXContainerItemProxy */ = {
			isa = PBXContainerItemProxy;
			containerPortal = F8848E552D7BA24300A81826 /* Project object */;
			proxyType = 1;
			remoteGlobalIDString = F8848E5C2D7BA24300A81826;
			remoteInfo = Assignment3_CardGame;
		};
		F8848E782D7BA24400A81826 /* PBXContainerItemProxy */ = {
			isa = PBXContainerItemProxy;
			containerPortal = F8848E552D7BA24300A81826 /* Project object */;
			proxyType = 1;
			remoteGlobalIDString = F8848E5C2D7BA24300A81826;
			remoteInfo = Assignment3_CardGame;
		};
/* End PBXContainerItemProxy section */

/* Begin PBXFileReference section */
		F8848E5D2D7BA24300A81826 /* Assignment3_CardGame.app */ = {isa = PBXFileReference; explicitFileType = wrapper.application; includeInIndex = 0; path = Assignment3_CardGame.app; sourceTree = BUILT_PRODUCTS_DIR; };
		F8848E6D2D7BA24400A81826 /* Assignment3_CardGameTests.xctest */ = {isa = PBXFileReference; explicitFileType = wrapper.cfbundle; includeInIndex = 0; path = Assignment3_CardGameTests.xctest; sourceTree = BUILT_PRODUCTS_DIR; };
		F8848E772D7BA24400A81826 /* Assignment3_CardGameUITests.xctest */ = {isa = PBXFileReference; explicitFileType = wrapper.cfbundle; includeInIndex = 0; path = Assignment3_CardGameUITests.xctest; sourceTree = BUILT_PRODUCTS_DIR; };
/* End PBXFileReference section */

/* Begin PBXFileSystemSynchronizedRootGroup section */
		F8848E5F2D7BA24300A81826 /* Assignment3_CardGame */ = {
			isa = PBXFileSystemSynchronizedRootGroup;
			path = Assignment3_CardGame;
			sourceTree = "<group>";
		};
		F8848E702D7BA24400A81826 /* Assignment3_CardGameTests */ = {
			isa = PBXFileSystemSynchronizedRootGroup;
			path = Assignment3_CardGameTests;
			sourceTree = "<group>";
		};
		F8848E7A2D7BA24400A81826 /* Assignment3_CardGameUITests */ = {
			isa = PBXFileSystemSynchronizedRootGroup;
			path = Assignment3_CardGameUITests;
			sourceTree = "<group>";
		};
/* End PBXFileSystemSynchronizedRootGroup section */

/* Begin PBXFrameworksBuildPhase section */
		F8848E5A2D7BA24300A81826 /* Frameworks */ = {
			isa = PBXFrameworksBuildPhase;
			buildActionMask = 2147483647;
			files = (
			);
			runOnlyForDeploymentPostprocessing = 0;
		};
		F8848E6A2D7BA24400A81826 /* Frameworks */ = {
			isa = PBXFrameworksBuildPhase;
			buildActionMask = 2147483647;
			files = (
			);
			runOnlyForDeploymentPostprocessing = 0;
		};
		F8848E742D7BA24400A81826 /* Frameworks */ = {
			isa = PBXFrameworksBuildPhase;
			buildActionMask = 2147483647;
			files = (
			);
			runOnlyForDeploymentPostprocessing = 0;
		};
/* End PBXFrameworksBuildPhase section */

/* Begin PBXGroup section */
		F8848E542D7BA24300A81826 = {
			isa = PBXGroup;
			children = (
				F8848E5F2D7BA24300A81826 /* Assignment3_CardGame */,
				F8848E702D7BA24400A81826 /* Assignment3_CardGameTests */,
				F8848E7A2D7BA24400A81826 /* Assignment3_CardGameUITests */,
				F8848E5E2D7BA24300A81826 /* Products */,
			);
			sourceTree = "<group>";
		};
		F8848E5E2D7BA24300A81826 /* Products */ = {
			isa = PBXGroup;
			children = (
				F8848E5D2D7BA24300A81826 /* Assignment3_CardGame.app */,
				F8848E6D2D7BA24400A81826 /* Assignment3_CardGameTests.xctest */,
				F8848E772D7BA24400A81826 /* Assignment3_CardGameUITests.xctest */,
			);
			name = Products;
			sourceTree = "<group>";
		};
/* End PBXGroup section */

/* Begin PBXNativeTarget section */
		F8848E5C2D7BA24300A81826 /* Assignment3_CardGame */ = {
			isa = PBXNativeTarget;
			buildConfigurationList = F8848E812D7BA24400A81826 /* Build configuration list for PBXNativeTarget "Assignment3_CardGame" */;
			buildPhases = (
				F8848E592D7BA24300A81826 /* Sources */,
				F8848E5A2D7BA24300A81826 /* Frameworks */,
				F8848E5B2D7BA24300A81826 /* Resources */,
			);
			buildRules = (
			);
			dependencies = (
			);
			fileSystemSynchronizedGroups = (
				F8848E5F2D7BA24300A81826 /* Assignment3_CardGame */,
			);
			name = Assignment3_CardGame;
			packageProductDependencies = (
			);
			productName = Assignment3_CardGame;
			productReference = F8848E5D2D7BA24300A81826 /* Assignment3_CardGame.app */;
			productType = "com.apple.product-type.application";
		};
		F8848E6C2D7BA24400A81826 /* Assignment3_CardGameTests */ = {
			isa = PBXNativeTarget;
			buildConfigurationList = F8848E842D7BA24400A81826 /* Build configuration list for PBXNativeTarget "Assignment3_CardGameTests" */;
			buildPhases = (
				F8848E692D7BA24400A81826 /* Sources */,
				F8848E6A2D7BA24400A81826 /* Frameworks */,
				F8848E6B2D7BA24400A81826 /* Resources */,
			);
			buildRules = (
			);
			dependencies = (
				F8848E6F2D7BA24400A81826 /* PBXTargetDependency */,
			);
			fileSystemSynchronizedGroups = (
				F8848E702D7BA24400A81826 /* Assignment3_CardGameTests */,
			);
			name = Assignment3_CardGameTests;
			packageProductDependencies = (
			);
			productName = Assignment3_CardGameTests;
			productReference = F8848E6D2D7BA24400A81826 /* Assignment3_CardGameTests.xctest */;
			productType = "com.apple.product-type.bundle.unit-test";
		};
		F8848E762D7BA24400A81826 /* Assignment3_CardGameUITests */ = {
			isa = PBXNativeTarget;
			buildConfigurationList = F8848E872D7BA24400A81826 /* Build configuration list for PBXNativeTarget "Assignment3_CardGameUITests" */;
			buildPhases = (
				F8848E732D7BA24400A81826 /* Sources */,
				F8848E742D7BA24400A81826 /* Frameworks */,
				F8848E752D7BA24400A81826 /* Resources */,
			);
			buildRules = (
			);
			dependencies = (
				F8848E792D7BA24400A81826 /* PBXTargetDependency */,
			);
			fileSystemSynchronizedGroups = (
				F8848E7A2D7BA24400A81826 /* Assignment3_CardGameUITests */,
			);
			name = Assignment3_CardGameUITests;
			packageProductDependencies = (
			);
			productName = Assignment3_CardGameUITests;
			productReference = F8848E772D7BA24400A81826 /* Assignment3_CardGameUITests.xctest */;
			productType = "com.apple.product-type.bundle.ui-testing";
		};
/* End PBXNativeTarget section */

/* Begin PBXProject section */
		F8848E552D7BA24300A81826 /* Project object */ = {
			isa = PBXProject;
			attributes = {
				BuildIndependentTargetsInParallel = 1;
				LastSwiftUpdateCheck = 1620;
				LastUpgradeCheck = 1620;
				TargetAttributes = {
					F8848E5C2D7BA24300A81826 = {
						CreatedOnToolsVersion = 16.2;
					};
					F8848E6C2D7BA24400A81826 = {
						CreatedOnToolsVersion = 16.2;
						TestTargetID = F8848E5C2D7BA24300A81826;
					};
					F8848E762D7BA24400A81826 = {
						CreatedOnToolsVersion = 16.2;
						TestTargetID = F8848E5C2D7BA24300A81826;
					};
				};
			};
			buildConfigurationList = F8848E582D7BA24300A81826 /* Build configuration list for PBXProject "Assignment3_CardGame" */;
			developmentRegion = en;
			hasScannedForEncodings = 0;
			knownRegions = (
				en,
				Base,
			);
			mainGroup = F8848E542D7BA24300A81826;
			minimizedProjectReferenceProxies = 1;
			preferredProjectObjectVersion = 77;
			productRefGroup = F8848E5E2D7BA24300A81826 /* Products */;
			projectDirPath = "";
			projectRoot = "";
			targets = (
				F8848E5C2D7BA24300A81826 /* Assignment3_CardGame */,
				F8848E6C2D7BA24400A81826 /* Assignment3_CardGameTests */,
				F8848E762D7BA24400A81826 /* Assignment3_CardGameUITests */,
			);
		};
/* End PBXProject section */

/* Begin PBXResourcesBuildPhase section */
		F8848E5B2D7BA24300A81826 /* Resources */ = {
			isa = PBXResourcesBuildPhase;
			buildActionMask = 2147483647;
			files = (
			);
			runOnlyForDeploymentPostprocessing = 0;
		};
		F8848E6B2D7BA24400A81826 /* Resources */ = {
			isa = PBXResourcesBuildPhase;
			buildActionMask = 2147483647;
			files = (
			);
			runOnlyForDeploymentPostprocessing = 0;
		};
		F8848E752D7BA24400A81826 /* Resources */ = {
			isa = PBXResourcesBuildPhase;
			buildActionMask = 2147483647;
			files = (
			);
			runOnlyForDeploymentPostprocessing = 0;
		};
/* End PBXResourcesBuildPhase section */

/* Begin PBXSourcesBuildPhase section */
		F8848E592D7BA24300A81826 /* Sources */ = {
			isa = PBXSourcesBuildPhase;
			buildActionMask = 2147483647;
			files = (
			);
			runOnlyForDeploymentPostprocessing = 0;
		};
		F8848E692D7BA24400A81826 /* Sources */ = {
			isa = PBXSourcesBuildPhase;
			buildActionMask = 2147483647;
			files = (
			);
			runOnlyForDeploymentPostprocessing = 0;
		};
		F8848E732D7BA24400A81826 /* Sources */ = {
			isa = PBXSourcesBuildPhase;
			buildActionMask = 2147483647;
			files = (
			);
			runOnlyForDeploymentPostprocessing = 0;
		};
/* End PBXSourcesBuildPhase section */

/* Begin PBXTargetDependency section */
		F8848E6F2D7BA24400A81826 /* PBXTargetDependency */ = {
			isa = PBXTargetDependency;
			target = F8848E5C2D7BA24300A81826 /* Assignment3_CardGame */;
			targetProxy = F8848E6E2D7BA24400A81826 /* PBXContainerItemProxy */;
		};
		F8848E792D7BA24400A81826 /* PBXTargetDependency */ = {
			isa = PBXTargetDependency;
			target = F8848E5C2D7BA24300A81826 /* Assignment3_CardGame */;
			targetProxy = F8848E782D7BA24400A81826 /* PBXContainerItemProxy */;
		};
/* End PBXTargetDependency section */

/* Begin XCBuildConfiguration section */
		F8848E7F2D7BA24400A81826 /* Debug */ = {
			isa = XCBuildConfiguration;
			buildSettings = {
				ALWAYS_SEARCH_USER_PATHS = NO;
				ASSETCATALOG_COMPILER_GENERATE_SWIFT_ASSET_SYMBOL_EXTENSIONS = YES;
				CLANG_ANALYZER_NONNULL = YES;
				CLANG_ANALYZER_NUMBER_OBJECT_CONVERSION = YES_AGGRESSIVE;
				CLANG_CXX_LANGUAGE_STANDARD = "gnu++20";
				CLANG_ENABLE_MODULES = YES;
				CLANG_ENABLE_OBJC_ARC = YES;
				CLANG_ENABLE_OBJC_WEAK = YES;
				CLANG_WARN_BLOCK_CAPTURE_AUTORELEASING = YES;
				CLANG_WARN_BOOL_CONVERSION = YES;
				CLANG_WARN_COMMA = YES;
				CLANG_WARN_CONSTANT_CONVERSION = YES;
				CLANG_WARN_DEPRECATED_OBJC_IMPLEMENTATIONS = YES;
				CLANG_WARN_DIRECT_OBJC_ISA_USAGE = YES_ERROR;
				CLANG_WARN_DOCUMENTATION_COMMENTS = YES;
				CLANG_WARN_EMPTY_BODY = YES;
				CLANG_WARN_ENUM_CONVERSION = YES;
				CLANG_WARN_INFINITE_RECURSION = YES;
				CLANG_WARN_INT_CONVERSION = YES;
				CLANG_WARN_NON_LITERAL_NULL_CONVERSION = YES;
				CLANG_WARN_OBJC_IMPLICIT_RETAIN_SELF = YES;
				CLANG_WARN_OBJC_LITERAL_CONVERSION = YES;
				CLANG_WARN_OBJC_ROOT_CLASS = YES_ERROR;
				CLANG_WARN_QUOTED_INCLUDE_IN_FRAMEWORK_HEADER = YES;
				CLANG_WARN_RANGE_LOOP_ANALYSIS = YES;
				CLANG_WARN_STRICT_PROTOTYPES = YES;
				CLANG_WARN_SUSPICIOUS_MOVE = YES;
				CLANG_WARN_UNGUARDED_AVAILABILITY = YES_AGGRESSIVE;
				CLANG_WARN_UNREACHABLE_CODE = YES;
				CLANG_WARN__DUPLICATE_METHOD_MATCH = YES;
				COPY_PHASE_STRIP = NO;
				DEBUG_INFORMATION_FORMAT = dwarf;
				ENABLE_STRICT_OBJC_MSGSEND = YES;
				ENABLE_TESTABILITY = YES;
				ENABLE_USER_SCRIPT_SANDBOXING = YES;
				GCC_C_LANGUAGE_STANDARD = gnu17;
				GCC_DYNAMIC_NO_PIC = NO;
				GCC_NO_COMMON_BLOCKS = YES;
				GCC_OPTIMIZATION_LEVEL = 0;
				GCC_PREPROCESSOR_DEFINITIONS = (
					"DEBUG=1",
					"$(inherited)",
				);
				GCC_WARN_64_TO_32_BIT_CONVERSION = YES;
				GCC_WARN_ABOUT_RETURN_TYPE = YES_ERROR;
				GCC_WARN_UNDECLARED_SELECTOR = YES;
				GCC_WARN_UNINITIALIZED_AUTOS = YES_AGGRESSIVE;
				GCC_WARN_UNUSED_FUNCTION = YES;
				GCC_WARN_UNUSED_VARIABLE = YES;
				IPHONEOS_DEPLOYMENT_TARGET = 18.2;
				LOCALIZATION_PREFERS_STRING_CATALOGS = YES;
				MTL_ENABLE_DEBUG_INFO = INCLUDE_SOURCE;
				MTL_FAST_MATH = YES;
				ONLY_ACTIVE_ARCH = YES;
				SDKROOT = iphoneos;
				SWIFT_ACTIVE_COMPILATION_CONDITIONS = "DEBUG $(inherited)";
				SWIFT_OPTIMIZATION_LEVEL = "-Onone";
			};
			name = Debug;
		};
		F8848E802D7BA24400A81826 /* Release */ = {
			isa = XCBuildConfiguration;
			buildSettings = {
				ALWAYS_SEARCH_USER_PATHS = NO;
				ASSETCATALOG_COMPILER_GENERATE_SWIFT_ASSET_SYMBOL_EXTENSIONS = YES;
				CLANG_ANALYZER_NONNULL = YES;
				CLANG_ANALYZER_NUMBER_OBJECT_CONVERSION = YES_AGGRESSIVE;
				CLANG_CXX_LANGUAGE_STANDARD = "gnu++20";
				CLANG_ENABLE_MODULES = YES;
				CLANG_ENABLE_OBJC_ARC = YES;
				CLANG_ENABLE_OBJC_WEAK = YES;
				CLANG_WARN_BLOCK_CAPTURE_AUTORELEASING = YES;
				CLANG_WARN_BOOL_CONVERSION = YES;
				CLANG_WARN_COMMA = YES;
				CLANG_WARN_CONSTANT_CONVERSION = YES;
				CLANG_WARN_DEPRECATED_OBJC_IMPLEMENTATIONS = YES;
				CLANG_WARN_DIRECT_OBJC_ISA_USAGE = YES_ERROR;
				CLANG_WARN_DOCUMENTATION_COMMENTS = YES;
				CLANG_WARN_EMPTY_BODY = YES;
				CLANG_WARN_ENUM_CONVERSION = YES;
				CLANG_WARN_INFINITE_RECURSION = YES;
				CLANG_WARN_INT_CONVERSION = YES;
				CLANG_WARN_NON_LITERAL_NULL_CONVERSION = YES;
				CLANG_WARN_OBJC_IMPLICIT_RETAIN_SELF = YES;
				CLANG_WARN_OBJC_LITERAL_CONVERSION = YES;
				CLANG_WARN_OBJC_ROOT_CLASS = YES_ERROR;
				CLANG_WARN_QUOTED_INCLUDE_IN_FRAMEWORK_HEADER = YES;
				CLANG_WARN_RANGE_LOOP_ANALYSIS = YES;
				CLANG_WARN_STRICT_PROTOTYPES = YES;
				CLANG_WARN_SUSPICIOUS_MOVE = YES;
				CLANG_WARN_UNGUARDED_AVAILABILITY = YES_AGGRESSIVE;
				CLANG_WARN_UNREACHABLE_CODE = YES;
				CLANG_WARN__DUPLICATE_METHOD_MATCH = YES;
				COPY_PHASE_STRIP = NO;
				DEBUG_INFORMATION_FORMAT = "dwarf-with-dsym";
				ENABLE_NS_ASSERTIONS = NO;
				ENABLE_STRICT_OBJC_MSGSEND = YES;
				ENABLE_USER_SCRIPT_SANDBOXING = YES;
				GCC_C_LANGUAGE_STANDARD = gnu17;
				GCC_NO_COMMON_BLOCKS = YES;
				GCC_WARN_64_TO_32_BIT_CONVERSION = YES;
				GCC_WARN_ABOUT_RETURN_TYPE = YES_ERROR;
				GCC_WARN_UNDECLARED_SELECTOR = YES;
				GCC_WARN_UNINITIALIZED_AUTOS = YES_AGGRESSIVE;
				GCC_WARN_UNUSED_FUNCTION = YES;
				GCC_WARN_UNUSED_VARIABLE = YES;
				IPHONEOS_DEPLOYMENT_TARGET = 18.2;
				LOCALIZATION_PREFERS_STRING_CATALOGS = YES;
				MTL_ENABLE_DEBUG_INFO = NO;
				MTL_FAST_MATH = YES;
				SDKROOT = iphoneos;
				SWIFT_COMPILATION_MODE = wholemodule;
				VALIDATE_PRODUCT = YES;
			};
			name = Release;
		};
		F8848E822D7BA24400A81826 /* Debug */ = {
			isa = XCBuildConfiguration;
			buildSettings = {
				ASSETCATALOG_COMPILER_APPICON_NAME = AppIcon;
				ASSETCATALOG_COMPILER_GLOBAL_ACCENT_COLOR_NAME = AccentColor;
				CODE_SIGN_STYLE = Automatic;
				CURRENT_PROJECT_VERSION = 1;
				DEVELOPMENT_ASSET_PATHS = "\"Assignment3_CardGame/Preview Content\"";
				ENABLE_PREVIEWS = YES;
				GENERATE_INFOPLIST_FILE = YES;
				INFOPLIST_KEY_UIApplicationSceneManifest_Generation = YES;
				INFOPLIST_KEY_UIApplicationSupportsIndirectInputEvents = YES;
				INFOPLIST_KEY_UILaunchScreen_Generation = YES;
				INFOPLIST_KEY_UISupportedInterfaceOrientations_iPad = "UIInterfaceOrientationPortrait UIInterfaceOrientationPortraitUpsideDown UIInterfaceOrientationLandscapeLeft UIInterfaceOrientationLandscapeRight";
				INFOPLIST_KEY_UISupportedInterfaceOrientations_iPhone = "UIInterfaceOrientationPortrait UIInterfaceOrientationLandscapeLeft UIInterfaceOrientationLandscapeRight";
				LD_RUNPATH_SEARCH_PATHS = (
					"$(inherited)",
					"@executable_path/Frameworks",
				);
				MARKETING_VERSION = 1.0;
				PRODUCT_BUNDLE_IDENTIFIER = "karter.Assignment3-CardGame";
				PRODUCT_NAME = "$(TARGET_NAME)";
				SWIFT_EMIT_LOC_STRINGS = YES;
				SWIFT_VERSION = 5.0;
				TARGETED_DEVICE_FAMILY = "1,2";
			};
			name = Debug;
		};
		F8848E832D7BA24400A81826 /* Release */ = {
			isa = XCBuildConfiguration;
			buildSettings = {
				ASSETCATALOG_COMPILER_APPICON_NAME = AppIcon;
				ASSETCATALOG_COMPILER_GLOBAL_ACCENT_COLOR_NAME = AccentColor;
				CODE_SIGN_STYLE = Automatic;
				CURRENT_PROJECT_VERSION = 1;
				DEVELOPMENT_ASSET_PATHS = "\"Assignment3_CardGame/Preview Content\"";
				ENABLE_PREVIEWS = YES;
				GENERATE_INFOPLIST_FILE = YES;
				INFOPLIST_KEY_UIApplicationSceneManifest_Generation = YES;
				INFOPLIST_KEY_UIApplicationSupportsIndirectInputEvents = YES;
				INFOPLIST_KEY_UILaunchScreen_Generation = YES;
				INFOPLIST_KEY_UISupportedInterfaceOrientations_iPad = "UIInterfaceOrientationPortrait UIInterfaceOrientationPortraitUpsideDown UIInterfaceOrientationLandscapeLeft UIInterfaceOrientationLandscapeRight";
				INFOPLIST_KEY_UISupportedInterfaceOrientations_iPhone = "UIInterfaceOrientationPortrait UIInterfaceOrientationLandscapeLeft UIInterfaceOrientationLandscapeRight";
				LD_RUNPATH_SEARCH_PATHS = (
					"$(inherited)",
					"@executable_path/Frameworks",
				);
				MARKETING_VERSION = 1.0;
				PRODUCT_BUNDLE_IDENTIFIER = "karter.Assignment3-CardGame";
				PRODUCT_NAME = "$(TARGET_NAME)";
				SWIFT_EMIT_LOC_STRINGS = YES;
				SWIFT_VERSION = 5.0;
				TARGETED_DEVICE_FAMILY = "1,2";
			};
			name = Release;
		};
		F8848E852D7BA24400A81826 /* Debug */ = {
			isa = XCBuildConfiguration;
			buildSettings = {
				BUNDLE_LOADER = "$(TEST_HOST)";
				CODE_SIGN_STYLE = Automatic;
				CURRENT_PROJECT_VERSION = 1;
				GENERATE_INFOPLIST_FILE = YES;
				IPHONEOS_DEPLOYMENT_TARGET = 18.2;
				MARKETING_VERSION = 1.0;
				PRODUCT_BUNDLE_IDENTIFIER = "karter.Assignment3-CardGameTests";
				PRODUCT_NAME = "$(TARGET_NAME)";
				SWIFT_EMIT_LOC_STRINGS = NO;
				SWIFT_VERSION = 5.0;
				TARGETED_DEVICE_FAMILY = "1,2";
				TEST_HOST = "$(BUILT_PRODUCTS_DIR)/Assignment3_CardGame.app/$(BUNDLE_EXECUTABLE_FOLDER_PATH)/Assignment3_CardGame";
			};
			name = Debug;
		};
		F8848E862D7BA24400A81826 /* Release */ = {
			isa = XCBuildConfiguration;
			buildSettings = {
				BUNDLE_LOADER = "$(TEST_HOST)";
				CODE_SIGN_STYLE = Automatic;
				CURRENT_PROJECT_VERSION = 1;
				GENERATE_INFOPLIST_FILE = YES;
				IPHONEOS_DEPLOYMENT_TARGET = 18.2;
				MARKETING_VERSION = 1.0;
				PRODUCT_BUNDLE_IDENTIFIER = "karter.Assignment3-CardGameTests";
				PRODUCT_NAME = "$(TARGET_NAME)";
				SWIFT_EMIT_LOC_STRINGS = NO;
				SWIFT_VERSION = 5.0;
				TARGETED_DEVICE_FAMILY = "1,2";
				TEST_HOST = "$(BUILT_PRODUCTS_DIR)/Assignment3_CardGame.app/$(BUNDLE_EXECUTABLE_FOLDER_PATH)/Assignment3_CardGame";
			};
			name = Release;
		};
		F8848E882D7BA24400A81826 /* Debug */ = {
			isa = XCBuildConfiguration;
			buildSettings = {
				CODE_SIGN_STYLE = Automatic;
				CURRENT_PROJECT_VERSION = 1;
				GENERATE_INFOPLIST_FILE = YES;
				MARKETING_VERSION = 1.0;
				PRODUCT_BUNDLE_IDENTIFIER = "karter.Assignment3-CardGameUITests";
				PRODUCT_NAME = "$(TARGET_NAME)";
				SWIFT_EMIT_LOC_STRINGS = NO;
				SWIFT_VERSION = 5.0;
				TARGETED_DEVICE_FAMILY = "1,2";
				TEST_TARGET_NAME = Assignment3_CardGame;
			};
			name = Debug;
		};
		F8848E892D7BA24400A81826 /* Release */ = {
			isa = XCBuildConfiguration;
			buildSettings = {
				CODE_SIGN_STYLE = Automatic;
				CURRENT_PROJECT_VERSION = 1;
				GENERATE_INFOPLIST_FILE = YES;
				MARKETING_VERSION = 1.0;
				PRODUCT_BUNDLE_IDENTIFIER = "karter.Assignment3-CardGameUITests";
				PRODUCT_NAME = "$(TARGET_NAME)";
				SWIFT_EMIT_LOC_STRINGS = NO;
				SWIFT_VERSION = 5.0;
				TARGETED_DEVICE_FAMILY = "1,2";
				TEST_TARGET_NAME = Assignment3_CardGame;
			};
			name = Release;
		};
/* End XCBuildConfiguration section */

/* Begin XCConfigurationList section */
		F8848E582D7BA24300A81826 /* Build configuration list for PBXProject "Assignment3_CardGame" */ = {
			isa = XCConfigurationList;
			buildConfigurations = (
				F8848E7F2D7BA24400A81826 /* Debug */,
				F8848E802D7BA24400A81826 /* Release */,
			);
			defaultConfigurationIsVisible = 0;
			defaultConfigurationName = Release;
		};
		F8848E812D7BA24400A81826 /* Build configuration list for PBXNativeTarget "Assignment3_CardGame" */ = {
			isa = XCConfigurationList;
			buildConfigurations = (
				F8848E822D7BA24400A81826 /* Debug */,
				F8848E832D7BA24400A81826 /* Release */,
			);
			defaultConfigurationIsVisible = 0;
			defaultConfigurationName = Release;
		};
		F8848E842D7BA24400A81826 /* Build configuration list for PBXNativeTarget "Assignment3_CardGameTests" */ = {
			isa = XCConfigurationList;
			buildConfigurations = (
				F8848E852D7BA24400A81826 /* Debug */,
				F8848E862D7BA24400A81826 /* Release */,
			);
			defaultConfigurationIsVisible = 0;
			defaultConfigurationName = Release;
		};
		F8848E872D7BA24400A81826 /* Build configuration list for PBXNativeTarget "Assignment3_CardGameUITests" */ = {
			isa = XCConfigurationList;
			buildConfigurations = (
				F8848E882D7BA24400A81826 /* Debug */,
				F8848E892D7BA24400A81826 /* Release */,
			);
			defaultConfigurationIsVisible = 0;
			defaultConfigurationName = Release;
		};
/* End XCConfigurationList section */
	};
	rootObject = F8848E552D7BA24300A81826 /* Project object */;
}
